// !$*UTF8*$!
{
	archiveVersion = 1;
	classes = {
	};
	objectVersion = 48;
	objects = {

/* Begin PBXBuildFile section */
		9BD8D4A01FDF902500AFAA58 /* AppDelegate.swift in Sources */ = {isa = PBXBuildFile; fileRef = 9BD8D49F1FDF902500AFAA58 /* AppDelegate.swift */; };
		9BD8D4A21FDF902500AFAA58 /* ViewController.swift in Sources */ = {isa = PBXBuildFile; fileRef = 9BD8D4A11FDF902500AFAA58 /* ViewController.swift */; };
		9BD8D4A51FDF902500AFAA58 /* Main.storyboard in Resources */ = {isa = PBXBuildFile; fileRef = 9BD8D4A31FDF902500AFAA58 /* Main.storyboard */; };
		9BD8D4A71FDF902500AFAA58 /* Assets.xcassets in Resources */ = {isa = PBXBuildFile; fileRef = 9BD8D4A61FDF902500AFAA58 /* Assets.xcassets */; };
		9BD8D4AA1FDF902500AFAA58 /* LaunchScreen.storyboard in Resources */ = {isa = PBXBuildFile; fileRef = 9BD8D4A81FDF902500AFAA58 /* LaunchScreen.storyboard */; };
		9BD8D4B51FDF902500AFAA58 /* swiftSimpleProjectTests.swift in Sources */ = {isa = PBXBuildFile; fileRef = 9BD8D4B41FDF902500AFAA58 /* swiftSimpleProjectTests.swift */; };
		9BD8D4C01FDF902500AFAA58 /* swiftSimpleProjectUITests.swift in Sources */ = {isa = PBXBuildFile; fileRef = 9BD8D4BF1FDF902500AFAA58 /* swiftSimpleProjectUITests.swift */; };
		9BD8D4CF1FDF906500AFAA58 /* CustomView.swift in Sources */ = {isa = PBXBuildFile; fileRef = 9BD8D4CE1FDF906500AFAA58 /* CustomView.swift */; };
/* End PBXBuildFile section */

/* Begin PBXContainerItemProxy section */
		9BD8D4B11FDF902500AFAA58 /* PBXContainerItemProxy */ = {
			isa = PBXContainerItemProxy;
			containerPortal = 9BD8D4941FDF902500AFAA58 /* Project object */;
			proxyType = 1;
			remoteGlobalIDString = 9BD8D49B1FDF902500AFAA58;
			remoteInfo = swiftSimpleProject;
		};
		9BD8D4BC1FDF902500AFAA58 /* PBXContainerItemProxy */ = {
			isa = PBXContainerItemProxy;
			containerPortal = 9BD8D4941FDF902500AFAA58 /* Project object */;
			proxyType = 1;
			remoteGlobalIDString = 9BD8D49B1FDF902500AFAA58;
			remoteInfo = swiftSimpleProject;
		};
/* End PBXContainerItemProxy section */

/* Begin PBXFileReference section */
		9BD8D49C1FDF902500AFAA58 /* swiftSimpleProject.app */ = {isa = PBXFileReference; explicitFileType = wrapper.application; includeInIndex = 0; path = swiftSimpleProject.app; sourceTree = BUILT_PRODUCTS_DIR; };
		9BD8D49F1FDF902500AFAA58 /* AppDelegate.swift */ = {isa = PBXFileReference; lastKnownFileType = sourcecode.swift; path = AppDelegate.swift; sourceTree = "<group>"; };
		9BD8D4A11FDF902500AFAA58 /* ViewController.swift */ = {isa = PBXFileReference; lastKnownFileType = sourcecode.swift; path = ViewController.swift; sourceTree = "<group>"; };
		9BD8D4A41FDF902500AFAA58 /* Base */ = {isa = PBXFileReference; lastKnownFileType = file.storyboard; name = Base; path = Base.lproj/Main.storyboard; sourceTree = "<group>"; };
		9BD8D4A61FDF902500AFAA58 /* Assets.xcassets */ = {isa = PBXFileReference; lastKnownFileType = folder.assetcatalog; path = Assets.xcassets; sourceTree = "<group>"; };
		9BD8D4A91FDF902500AFAA58 /* Base */ = {isa = PBXFileReference; lastKnownFileType = file.storyboard; name = Base; path = Base.lproj/LaunchScreen.storyboard; sourceTree = "<group>"; };
		9BD8D4AB1FDF902500AFAA58 /* Info.plist */ = {isa = PBXFileReference; lastKnownFileType = text.plist.xml; path = Info.plist; sourceTree = "<group>"; };
		9BD8D4B01FDF902500AFAA58 /* swiftSimpleProjectTests.xctest */ = {isa = PBXFileReference; explicitFileType = wrapper.cfbundle; includeInIndex = 0; path = swiftSimpleProjectTests.xctest; sourceTree = BUILT_PRODUCTS_DIR; };
		9BD8D4B41FDF902500AFAA58 /* swiftSimpleProjectTests.swift */ = {isa = PBXFileReference; lastKnownFileType = sourcecode.swift; path = swiftSimpleProjectTests.swift; sourceTree = "<group>"; };
		9BD8D4B61FDF902500AFAA58 /* Info.plist */ = {isa = PBXFileReference; lastKnownFileType = text.plist.xml; path = Info.plist; sourceTree = "<group>"; };
		9BD8D4BB1FDF902500AFAA58 /* swiftSimpleProjectUITests.xctest */ = {isa = PBXFileReference; explicitFileType = wrapper.cfbundle; includeInIndex = 0; path = swiftSimpleProjectUITests.xctest; sourceTree = BUILT_PRODUCTS_DIR; };
		9BD8D4BF1FDF902500AFAA58 /* swiftSimpleProjectUITests.swift */ = {isa = PBXFileReference; lastKnownFileType = sourcecode.swift; path = swiftSimpleProjectUITests.swift; sourceTree = "<group>"; };
		9BD8D4C11FDF902500AFAA58 /* Info.plist */ = {isa = PBXFileReference; lastKnownFileType = text.plist.xml; path = Info.plist; sourceTree = "<group>"; };
		9BD8D4CE1FDF906500AFAA58 /* CustomView.swift */ = {isa = PBXFileReference; lastKnownFileType = sourcecode.swift; path = CustomView.swift; sourceTree = "<group>"; };
/* End PBXFileReference section */

/* Begin PBXFrameworksBuildPhase section */
		9BD8D4991FDF902500AFAA58 /* Frameworks */ = {
			isa = PBXFrameworksBuildPhase;
			buildActionMask = 2147483647;
			files = (
			);
			runOnlyForDeploymentPostprocessing = 0;
		};
		9BD8D4AD1FDF902500AFAA58 /* Frameworks */ = {
			isa = PBXFrameworksBuildPhase;
			buildActionMask = 2147483647;
			files = (
			);
			runOnlyForDeploymentPostprocessing = 0;
		};
		9BD8D4B81FDF902500AFAA58 /* Frameworks */ = {
			isa = PBXFrameworksBuildPhase;
			buildActionMask = 2147483647;
			files = (
			);
			runOnlyForDeploymentPostprocessing = 0;
		};
/* End PBXFrameworksBuildPhase section */

/* Begin PBXGroup section */
		9BD8D4931FDF902500AFAA58 = {
			isa = PBXGroup;
			children = (
				9BD8D49E1FDF902500AFAA58 /* swiftSimpleProject */,
				9BD8D4B31FDF902500AFAA58 /* swiftSimpleProjectTests */,
				9BD8D4BE1FDF902500AFAA58 /* swiftSimpleProjectUITests */,
				9BD8D49D1FDF902500AFAA58 /* Products */,
			);
			sourceTree = "<group>";
		};
		9BD8D49D1FDF902500AFAA58 /* Products */ = {
			isa = PBXGroup;
			children = (
				9BD8D49C1FDF902500AFAA58 /* swiftSimpleProject.app */,
				9BD8D4B01FDF902500AFAA58 /* swiftSimpleProjectTests.xctest */,
				9BD8D4BB1FDF902500AFAA58 /* swiftSimpleProjectUITests.xctest */,
			);
			name = Products;
			sourceTree = "<group>";
		};
		9BD8D49E1FDF902500AFAA58 /* swiftSimpleProject */ = {
			isa = PBXGroup;
			children = (
				9BD8D4CD1FDF904500AFAA58 /* CustomView */,
				9BD8D49F1FDF902500AFAA58 /* AppDelegate.swift */,
				9BD8D4A11FDF902500AFAA58 /* ViewController.swift */,
				9BD8D4A31FDF902500AFAA58 /* Main.storyboard */,
				9BD8D4A61FDF902500AFAA58 /* Assets.xcassets */,
				9BD8D4A81FDF902500AFAA58 /* LaunchScreen.storyboard */,
				9BD8D4AB1FDF902500AFAA58 /* Info.plist */,
			);
			path = swiftSimpleProject;
			sourceTree = "<group>";
		};
		9BD8D4B31FDF902500AFAA58 /* swiftSimpleProjectTests */ = {
			isa = PBXGroup;
			children = (
				9BD8D4B41FDF902500AFAA58 /* swiftSimpleProjectTests.swift */,
				9BD8D4B61FDF902500AFAA58 /* Info.plist */,
			);
			path = swiftSimpleProjectTests;
			sourceTree = "<group>";
		};
		9BD8D4BE1FDF902500AFAA58 /* swiftSimpleProjectUITests */ = {
			isa = PBXGroup;
			children = (
				9BD8D4BF1FDF902500AFAA58 /* swiftSimpleProjectUITests.swift */,
				9BD8D4C11FDF902500AFAA58 /* Info.plist */,
			);
			path = swiftSimpleProjectUITests;
			sourceTree = "<group>";
		};
		9BD8D4CD1FDF904500AFAA58 /* CustomView */ = {
			isa = PBXGroup;
			children = (
				9BD8D4CE1FDF906500AFAA58 /* CustomView.swift */,
			);
			path = CustomView;
			sourceTree = "<group>";
		};
/* End PBXGroup section */

/* Begin PBXNativeTarget section */
		9BD8D49B1FDF902500AFAA58 /* swiftSimpleProject */ = {
			isa = PBXNativeTarget;
			buildConfigurationList = 9BD8D4C41FDF902500AFAA58 /* Build configuration list for PBXNativeTarget "swiftSimpleProject" */;
			buildPhases = (
				9BD8D4981FDF902500AFAA58 /* Sources */,
				9BD8D4991FDF902500AFAA58 /* Frameworks */,
				9BD8D49A1FDF902500AFAA58 /* Resources */,
			);
			buildRules = (
			);
			dependencies = (
			);
			name = swiftSimpleProject;
			productName = swiftSimpleProject;
			productReference = 9BD8D49C1FDF902500AFAA58 /* swiftSimpleProject.app */;
			productType = "com.apple.product-type.application";
		};
		9BD8D4AF1FDF902500AFAA58 /* swiftSimpleProjectTests */ = {
			isa = PBXNativeTarget;
			buildConfigurationList = 9BD8D4C71FDF902500AFAA58 /* Build configuration list for PBXNativeTarget "swiftSimpleProjectTests" */;
			buildPhases = (
				9BD8D4AC1FDF902500AFAA58 /* Sources */,
				9BD8D4AD1FDF902500AFAA58 /* Frameworks */,
				9BD8D4AE1FDF902500AFAA58 /* Resources */,
			);
			buildRules = (
			);
			dependencies = (
				9BD8D4B21FDF902500AFAA58 /* PBXTargetDependency */,
			);
			name = swiftSimpleProjectTests;
			productName = swiftSimpleProjectTests;
			productReference = 9BD8D4B01FDF902500AFAA58 /* swiftSimpleProjectTests.xctest */;
			productType = "com.apple.product-type.bundle.unit-test";
		};
		9BD8D4BA1FDF902500AFAA58 /* swiftSimpleProjectUITests */ = {
			isa = PBXNativeTarget;
			buildConfigurationList = 9BD8D4CA1FDF902500AFAA58 /* Build configuration list for PBXNativeTarget "swiftSimpleProjectUITests" */;
			buildPhases = (
				9BD8D4B71FDF902500AFAA58 /* Sources */,
				9BD8D4B81FDF902500AFAA58 /* Frameworks */,
				9BD8D4B91FDF902500AFAA58 /* Resources */,
			);
			buildRules = (
			);
			dependencies = (
				9BD8D4BD1FDF902500AFAA58 /* PBXTargetDependency */,
			);
			name = swiftSimpleProjectUITests;
			productName = swiftSimpleProjectUITests;
			productReference = 9BD8D4BB1FDF902500AFAA58 /* swiftSimpleProjectUITests.xctest */;
			productType = "com.apple.product-type.bundle.ui-testing";
		};
/* End PBXNativeTarget section */

/* Begin PBXProject section */
		9BD8D4941FDF902500AFAA58 /* Project object */ = {
			isa = PBXProject;
			attributes = {
				LastSwiftUpdateCheck = 0920;
				LastUpgradeCheck = 0920;
				ORGANIZATIONNAME = tests;
				TargetAttributes = {
					9BD8D49B1FDF902500AFAA58 = {
						CreatedOnToolsVersion = 9.2;
						ProvisioningStyle = Automatic;
					};
					9BD8D4AF1FDF902500AFAA58 = {
						CreatedOnToolsVersion = 9.2;
						ProvisioningStyle = Automatic;
						TestTargetID = 9BD8D49B1FDF902500AFAA58;
					};
					9BD8D4BA1FDF902500AFAA58 = {
						CreatedOnToolsVersion = 9.2;
						ProvisioningStyle = Automatic;
						TestTargetID = 9BD8D49B1FDF902500AFAA58;
					};
				};
			};
			buildConfigurationList = 9BD8D4971FDF902500AFAA58 /* Build configuration list for PBXProject "swiftSimpleProject" */;
			compatibilityVersion = "Xcode 8.0";
			developmentRegion = en;
			hasScannedForEncodings = 0;
			knownRegions = (
				en,
				Base,
			);
			mainGroup = 9BD8D4931FDF902500AFAA58;
			productRefGroup = 9BD8D49D1FDF902500AFAA58 /* Products */;
			projectDirPath = "";
			projectRoot = "";
			targets = (
				9BD8D49B1FDF902500AFAA58 /* swiftSimpleProject */,
				9BD8D4AF1FDF902500AFAA58 /* swiftSimpleProjectTests */,
				9BD8D4BA1FDF902500AFAA58 /* swiftSimpleProjectUITests */,
			);
		};
/* End PBXProject section */

/* Begin PBXResourcesBuildPhase section */
		9BD8D49A1FDF902500AFAA58 /* Resources */ = {
			isa = PBXResourcesBuildPhase;
			buildActionMask = 2147483647;
			files = (
				9BD8D4AA1FDF902500AFAA58 /* LaunchScreen.storyboard in Resources */,
				9BD8D4A71FDF902500AFAA58 /* Assets.xcassets in Resources */,
				9BD8D4A51FDF902500AFAA58 /* Main.storyboard in Resources */,
			);
			runOnlyForDeploymentPostprocessing = 0;
		};
		9BD8D4AE1FDF902500AFAA58 /* Resources */ = {
			isa = PBXResourcesBuildPhase;
			buildActionMask = 2147483647;
			files = (
			);
			runOnlyForDeploymentPostprocessing = 0;
		};
		9BD8D4B91FDF902500AFAA58 /* Resources */ = {
			isa = PBXResourcesBuildPhase;
			buildActionMask = 2147483647;
			files = (
			);
			runOnlyForDeploymentPostprocessing = 0;
		};
/* End PBXResourcesBuildPhase section */

/* Begin PBXSourcesBuildPhase section */
		9BD8D4981FDF902500AFAA58 /* Sources */ = {
			isa = PBXSourcesBuildPhase;
			buildActionMask = 2147483647;
			files = (
				9BD8D4CF1FDF906500AFAA58 /* CustomView.swift in Sources */,
				9BD8D4A21FDF902500AFAA58 /* ViewController.swift in Sources */,
				9BD8D4A01FDF902500AFAA58 /* AppDelegate.swift in Sources */,
			);
			runOnlyForDeploymentPostprocessing = 0;
		};
		9BD8D4AC1FDF902500AFAA58 /* Sources */ = {
			isa = PBXSourcesBuildPhase;
			buildActionMask = 2147483647;
			files = (
				9BD8D4B51FDF902500AFAA58 /* swiftSimpleProjectTests.swift in Sources */,
			);
			runOnlyForDeploymentPostprocessing = 0;
		};
		9BD8D4B71FDF902500AFAA58 /* Sources */ = {
			isa = PBXSourcesBuildPhase;
			buildActionMask = 2147483647;
			files = (
				9BD8D4C01FDF902500AFAA58 /* swiftSimpleProjectUITests.swift in Sources */,
			);
			runOnlyForDeploymentPostprocessing = 0;
		};
/* End PBXSourcesBuildPhase section */

/* Begin PBXTargetDependency section */
		9BD8D4B21FDF902500AFAA58 /* PBXTargetDependency */ = {
			isa = PBXTargetDependency;
			target = 9BD8D49B1FDF902500AFAA58 /* swiftSimpleProject */;
			targetProxy = 9BD8D4B11FDF902500AFAA58 /* PBXContainerItemProxy */;
		};
		9BD8D4BD1FDF902500AFAA58 /* PBXTargetDependency */ = {
			isa = PBXTargetDependency;
			target = 9BD8D49B1FDF902500AFAA58 /* swiftSimpleProject */;
			targetProxy = 9BD8D4BC1FDF902500AFAA58 /* PBXContainerItemProxy */;
		};
/* End PBXTargetDependency section */

/* Begin PBXVariantGroup section */
		9BD8D4A31FDF902500AFAA58 /* Main.storyboard */ = {
			isa = PBXVariantGroup;
			children = (
				9BD8D4A41FDF902500AFAA58 /* Base */,
			);
			name = Main.storyboard;
			sourceTree = "<group>";
		};
		9BD8D4A81FDF902500AFAA58 /* LaunchScreen.storyboard */ = {
			isa = PBXVariantGroup;
			children = (
				9BD8D4A91FDF902500AFAA58 /* Base */,
			);
			name = LaunchScreen.storyboard;
			sourceTree = "<group>";
		};
/* End PBXVariantGroup section */

/* Begin XCBuildConfiguration section */
		9BD8D4C21FDF902500AFAA58 /* Debug */ = {
			isa = XCBuildConfiguration;
			buildSettings = {
				ALWAYS_SEARCH_USER_PATHS = NO;
				CLANG_ANALYZER_NONNULL = YES;
				CLANG_ANALYZER_NUMBER_OBJECT_CONVERSION = YES_AGGRESSIVE;
				CLANG_CXX_LANGUAGE_STANDARD = "gnu++14";
				CLANG_CXX_LIBRARY = "libc++";
				CLANG_ENABLE_MODULES = YES;
				CLANG_ENABLE_OBJC_ARC = YES;
				CLANG_WARN_BLOCK_CAPTURE_AUTORELEASING = YES;
				CLANG_WARN_BOOL_CONVERSION = YES;
				CLANG_WARN_COMMA = YES;
				CLANG_WARN_CONSTANT_CONVERSION = YES;
				CLANG_WARN_DIRECT_OBJC_ISA_USAGE = YES_ERROR;
				CLANG_WARN_DOCUMENTATION_COMMENTS = YES;
				CLANG_WARN_EMPTY_BODY = YES;
				CLANG_WARN_ENUM_CONVERSION = YES;
				CLANG_WARN_INFINITE_RECURSION = YES;
				CLANG_WARN_INT_CONVERSION = YES;
				CLANG_WARN_NON_LITERAL_NULL_CONVERSION = YES;
				CLANG_WARN_OBJC_LITERAL_CONVERSION = YES;
				CLANG_WARN_OBJC_ROOT_CLASS = YES_ERROR;
				CLANG_WARN_RANGE_LOOP_ANALYSIS = YES;
				CLANG_WARN_STRICT_PROTOTYPES = YES;
				CLANG_WARN_SUSPICIOUS_MOVE = YES;
				CLANG_WARN_UNGUARDED_AVAILABILITY = YES_AGGRESSIVE;
				CLANG_WARN_UNREACHABLE_CODE = YES;
				CLANG_WARN__DUPLICATE_METHOD_MATCH = YES;
				CODE_SIGN_IDENTITY = "iPhone Developer";
				COPY_PHASE_STRIP = NO;
				DEBUG_INFORMATION_FORMAT = dwarf;
				ENABLE_STRICT_OBJC_MSGSEND = YES;
				ENABLE_TESTABILITY = YES;
				GCC_C_LANGUAGE_STANDARD = gnu11;
				GCC_DYNAMIC_NO_PIC = NO;
				GCC_NO_COMMON_BLOCKS = YES;
				GCC_OPTIMIZATION_LEVEL = 0;
				GCC_PREPROCESSOR_DEFINITIONS = (
					"DEBUG=1",
					"$(inherited)",
				);
				GCC_WARN_64_TO_32_BIT_CONVERSION = YES;
				GCC_WARN_ABOUT_RETURN_TYPE = YES_ERROR;
				GCC_WARN_UNDECLARED_SELECTOR = YES;
				GCC_WARN_UNINITIALIZED_AUTOS = YES_AGGRESSIVE;
				GCC_WARN_UNUSED_FUNCTION = YES;
				GCC_WARN_UNUSED_VARIABLE = YES;
				IPHONEOS_DEPLOYMENT_TARGET = 11.2;
				MTL_ENABLE_DEBUG_INFO = YES;
				ONLY_ACTIVE_ARCH = YES;
				SDKROOT = iphoneos;
				SWIFT_ACTIVE_COMPILATION_CONDITIONS = DEBUG;
				SWIFT_OPTIMIZATION_LEVEL = "-Onone";
			};
			name = Debug;
		};
		9BD8D4C31FDF902500AFAA58 /* Release */ = {
			isa = XCBuildConfiguration;
			buildSettings = {
				ALWAYS_SEARCH_USER_PATHS = NO;
				CLANG_ANALYZER_NONNULL = YES;
				CLANG_ANALYZER_NUMBER_OBJECT_CONVERSION = YES_AGGRESSIVE;
				CLANG_CXX_LANGUAGE_STANDARD = "gnu++14";
				CLANG_CXX_LIBRARY = "libc++";
				CLANG_ENABLE_MODULES = YES;
				CLANG_ENABLE_OBJC_ARC = YES;
				CLANG_WARN_BLOCK_CAPTURE_AUTORELEASING = YES;
				CLANG_WARN_BOOL_CONVERSION = YES;
				CLANG_WARN_COMMA = YES;
				CLANG_WARN_CONSTANT_CONVERSION = YES;
				CLANG_WARN_DIRECT_OBJC_ISA_USAGE = YES_ERROR;
				CLANG_WARN_DOCUMENTATION_COMMENTS = YES;
				CLANG_WARN_EMPTY_BODY = YES;
				CLANG_WARN_ENUM_CONVERSION = YES;
				CLANG_WARN_INFINITE_RECURSION = YES;
				CLANG_WARN_INT_CONVERSION = YES;
				CLANG_WARN_NON_LITERAL_NULL_CONVERSION = YES;
				CLANG_WARN_OBJC_LITERAL_CONVERSION = YES;
				CLANG_WARN_OBJC_ROOT_CLASS = YES_ERROR;
				CLANG_WARN_RANGE_LOOP_ANALYSIS = YES;
				CLANG_WARN_STRICT_PROTOTYPES = YES;
				CLANG_WARN_SUSPICIOUS_MOVE = YES;
				CLANG_WARN_UNGUARDED_AVAILABILITY = YES_AGGRESSIVE;
				CLANG_WARN_UNREACHABLE_CODE = YES;
				CLANG_WARN__DUPLICATE_METHOD_MATCH = YES;
				CODE_SIGN_IDENTITY = "iPhone Developer";
				COPY_PHASE_STRIP = NO;
				DEBUG_INFORMATION_FORMAT = "dwarf-with-dsym";
				ENABLE_NS_ASSERTIONS = NO;
				ENABLE_STRICT_OBJC_MSGSEND = YES;
				GCC_C_LANGUAGE_STANDARD = gnu11;
				GCC_NO_COMMON_BLOCKS = YES;
				GCC_WARN_64_TO_32_BIT_CONVERSION = YES;
				GCC_WARN_ABOUT_RETURN_TYPE = YES_ERROR;
				GCC_WARN_UNDECLARED_SELECTOR = YES;
				GCC_WARN_UNINITIALIZED_AUTOS = YES_AGGRESSIVE;
				GCC_WARN_UNUSED_FUNCTION = YES;
				GCC_WARN_UNUSED_VARIABLE = YES;
				IPHONEOS_DEPLOYMENT_TARGET = 11.2;
				MTL_ENABLE_DEBUG_INFO = NO;
				SDKROOT = iphoneos;
				SWIFT_OPTIMIZATION_LEVEL = "-Owholemodule";
				VALIDATE_PRODUCT = YES;
			};
			name = Release;
		};
		9BD8D4C51FDF902500AFAA58 /* Debug */ = {
			isa = XCBuildConfiguration;
			buildSettings = {
				ASSETCATALOG_COMPILER_APPICON_NAME = AppIcon;
				CODE_SIGN_STYLE = Automatic;
				DEVELOPMENT_TEAM = J95666F7VX;
				INFOPLIST_FILE = swiftSimpleProject/Info.plist;
				LD_RUNPATH_SEARCH_PATHS = "$(inherited) @executable_path/Frameworks";
				PRODUCT_BUNDLE_IDENTIFIER = test.swiftSimpleProject;
				PRODUCT_NAME = "$(TARGET_NAME)";
				SWIFT_VERSION = 4.0;
				TARGETED_DEVICE_FAMILY = "1,2";
			};
			name = Debug;
		};
		9BD8D4C61FDF902500AFAA58 /* Release */ = {
			isa = XCBuildConfiguration;
			buildSettings = {
				ASSETCATALOG_COMPILER_APPICON_NAME = AppIcon;
				CODE_SIGN_STYLE = Automatic;
				DEVELOPMENT_TEAM = J95666F7VX;
				INFOPLIST_FILE = swiftSimpleProject/Info.plist;
				LD_RUNPATH_SEARCH_PATHS = "$(inherited) @executable_path/Frameworks";
				PRODUCT_BUNDLE_IDENTIFIER = test.swiftSimpleProject;
				PRODUCT_NAME = "$(TARGET_NAME)";
				SWIFT_VERSION = 4.0;
				TARGETED_DEVICE_FAMILY = "1,2";
			};
			name = Release;
		};
		9BD8D4C81FDF902500AFAA58 /* Debug */ = {
			isa = XCBuildConfiguration;
			buildSettings = {
				ALWAYS_EMBED_SWIFT_STANDARD_LIBRARIES = YES;
				BUNDLE_LOADER = "$(TEST_HOST)";
				CODE_SIGN_STYLE = Automatic;
				INFOPLIST_FILE = swiftSimpleProjectTests/Info.plist;
				LD_RUNPATH_SEARCH_PATHS = "$(inherited) @executable_path/Frameworks @loader_path/Frameworks";
				PRODUCT_BUNDLE_IDENTIFIER = test.swiftSimpleProjectTests;
				PRODUCT_NAME = "$(TARGET_NAME)";
				SWIFT_VERSION = 4.0;
				TARGETED_DEVICE_FAMILY = "1,2";
				TEST_HOST = "$(BUILT_PRODUCTS_DIR)/swiftSimpleProject.app/swiftSimpleProject";
			};
			name = Debug;
		};
		9BD8D4C91FDF902500AFAA58 /* Release */ = {
			isa = XCBuildConfiguration;
			buildSettings = {
				ALWAYS_EMBED_SWIFT_STANDARD_LIBRARIES = YES;
				BUNDLE_LOADER = "$(TEST_HOST)";
				CODE_SIGN_STYLE = Automatic;
				INFOPLIST_FILE = swiftSimpleProjectTests/Info.plist;
				LD_RUNPATH_SEARCH_PATHS = "$(inherited) @executable_path/Frameworks @loader_path/Frameworks";
				PRODUCT_BUNDLE_IDENTIFIER = test.swiftSimpleProjectTests;
				PRODUCT_NAME = "$(TARGET_NAME)";
				SWIFT_VERSION = 4.0;
				TARGETED_DEVICE_FAMILY = "1,2";
				TEST_HOST = "$(BUILT_PRODUCTS_DIR)/swiftSimpleProject.app/swiftSimpleProject";
			};
			name = Release;
		};
		9BD8D4CB1FDF902500AFAA58 /* Debug */ = {
			isa = XCBuildConfiguration;
			buildSettings = {
				ALWAYS_EMBED_SWIFT_STANDARD_LIBRARIES = YES;
				CODE_SIGN_STYLE = Automatic;
				INFOPLIST_FILE = swiftSimpleProjectUITests/Info.plist;
				LD_RUNPATH_SEARCH_PATHS = "$(inherited) @executable_path/Frameworks @loader_path/Frameworks";
				PRODUCT_BUNDLE_IDENTIFIER = test.swiftSimpleProjectUITests;
				PRODUCT_NAME = "$(TARGET_NAME)";
				SWIFT_VERSION = 4.0;
				TARGETED_DEVICE_FAMILY = "1,2";
				TEST_TARGET_NAME = swiftSimpleProject;
			};
			name = Debug;
		};
		9BD8D4CC1FDF902500AFAA58 /* Release */ = {
			isa = XCBuildConfiguration;
			buildSettings = {
				ALWAYS_EMBED_SWIFT_STANDARD_LIBRARIES = YES;
				CODE_SIGN_STYLE = Automatic;
				INFOPLIST_FILE = swiftSimpleProjectUITests/Info.plist;
				LD_RUNPATH_SEARCH_PATHS = "$(inherited) @executable_path/Frameworks @loader_path/Frameworks";
				PRODUCT_BUNDLE_IDENTIFIER = test.swiftSimpleProjectUITests;
				PRODUCT_NAME = "$(TARGET_NAME)";
				SWIFT_VERSION = 4.0;
				TARGETED_DEVICE_FAMILY = "1,2";
				TEST_TARGET_NAME = swiftSimpleProject;
			};
			name = Release;
		};
/* End XCBuildConfiguration section */

/* Begin XCConfigurationList section */
		9BD8D4971FDF902500AFAA58 /* Build configuration list for PBXProject "swiftSimpleProject" */ = {
			isa = XCConfigurationList;
			buildConfigurations = (
				9BD8D4C21FDF902500AFAA58 /* Debug */,
				9BD8D4C31FDF902500AFAA58 /* Release */,
			);
			defaultConfigurationIsVisible = 0;
			defaultConfigurationName = Release;
		};
		9BD8D4C41FDF902500AFAA58 /* Build configuration list for PBXNativeTarget "swiftSimpleProject" */ = {
			isa = XCConfigurationList;
			buildConfigurations = (
				9BD8D4C51FDF902500AFAA58 /* Debug */,
				9BD8D4C61FDF902500AFAA58 /* Release */,
			);
			defaultConfigurationIsVisible = 0;
			defaultConfigurationName = Release;
		};
		9BD8D4C71FDF902500AFAA58 /* Build configuration list for PBXNativeTarget "swiftSimpleProjectTests" */ = {
			isa = XCConfigurationList;
			buildConfigurations = (
				9BD8D4C81FDF902500AFAA58 /* Debug */,
				9BD8D4C91FDF902500AFAA58 /* Release */,
			);
			defaultConfigurationIsVisible = 0;
			defaultConfigurationName = Release;
		};
		9BD8D4CA1FDF902500AFAA58 /* Build configuration list for PBXNativeTarget "swiftSimpleProjectUITests" */ = {
			isa = XCConfigurationList;
			buildConfigurations = (
				9BD8D4CB1FDF902500AFAA58 /* Debug */,
				9BD8D4CC1FDF902500AFAA58 /* Release */,
			);
			defaultConfigurationIsVisible = 0;
			defaultConfigurationName = Release;
		};
/* End XCConfigurationList section */
	};
	rootObject = 9BD8D4941FDF902500AFAA58 /* Project object */;
}
